
Microsoft Visual Studio Solution File, Format Version 12.00
# Visual Studio Version 17
VisualStudioVersion = 17.1.32328.378
MinimumVisualStudioVersion = 10.0.40219.1
Project("{8BC9CEB8-8B4A-11D0-8D11-00A0C91BC942}") = "HW1_202155501_3.cpp", "HW1_202155501_3.cpp\HW1_202155501_3.cpp.vcxproj", "{FAC52930-549A-4EED-BAF2-0CC43F510D58}"
EndProject
Global
	GlobalSection(SolutionConfigurationPlatforms) = preSolution
		Debug|x64 = Debug|x64
		Debug|x86 = Debug|x86
		Release|x64 = Release|x64
		Release|x86 = Release|x86
	EndGlobalSection
	GlobalSection(ProjectConfigurationPlatforms) = postSolution
		{FAC52930-549A-4EED-BAF2-0CC43F510D58}.Debug|x64.ActiveCfg = Debug|x64
		{FAC52930-549A-4EED-BAF2-0CC43F510D58}.Debug|x64.Build.0 = Debug|x64
		{FAC52930-549A-4EED-BAF2-0CC43F510D58}.Debug|x86.ActiveCfg = Debug|Win32
		{FAC52930-549A-4EED-BAF2-0CC43F510D58}.Debug|x86.Build.0 = Debug|Win32
		{FAC52930-549A-4EED-BAF2-0CC43F510D58}.Release|x64.ActiveCfg = Release|x64
		{FAC52930-549A-4EED-BAF2-0CC43F510D58}.Release|x64.Build.0 = Release|x64
		{FAC52930-549A-4EED-BAF2-0CC43F510D58}.Release|x86.ActiveCfg = Release|Win32
		{FAC52930-549A-4EED-BAF2-0CC43F510D58}.Release|x86.Build.0 = Release|Win32
	EndGlobalSection
	GlobalSection(SolutionProperties) = preSolution
		HideSolutionNode = FALSE
	EndGlobalSection
	GlobalSection(ExtensibilityGlobals) = postSolution
		SolutionGuid = {B18B25BB-E428-4821-BE65-9FC7DEEC5A72}
	EndGlobalSection
EndGlobal
